// !$*UTF8*$!
{
	archiveVersion = 1;
	classes = {
	};
	objectVersion = 46;
	objects = {

/* Begin PBXBuildFile section */
		6055B63A1EBCCE2E007CC5E8 /* main.swift in Sources */ = {isa = PBXBuildFile; fileRef = 6055B6391EBCCE2E007CC5E8 /* main.swift */; };
		6055B6411EBCCE64007CC5E8 /* GameType.swift in Sources */ = {isa = PBXBuildFile; fileRef = 6055B6401EBCCE64007CC5E8 /* GameType.swift */; };
		6055B6431EBCCE83007CC5E8 /* PlayerType.swift in Sources */ = {isa = PBXBuildFile; fileRef = 6055B6421EBCCE83007CC5E8 /* PlayerType.swift */; };
		6055B6451EBCCE97007CC5E8 /* UserInputUtilities.swift in Sources */ = {isa = PBXBuildFile; fileRef = 6055B6441EBCCE97007CC5E8 /* UserInputUtilities.swift */; };
		6055B6471EBCCEFB007CC5E8 /* SymbolandSpaceTypes.swift in Sources */ = {isa = PBXBuildFile; fileRef = 6055B6461EBCCEFB007CC5E8 /* SymbolandSpaceTypes.swift */; };
/* End PBXBuildFile section */

/* Begin PBXCopyFilesBuildPhase section */
		6055B6341EBCCE2E007CC5E8 /* CopyFiles */ = {
			isa = PBXCopyFilesBuildPhase;
			buildActionMask = 2147483647;
			dstPath = /usr/share/man/man1/;
			dstSubfolderSpec = 0;
			files = (
			);
			runOnlyForDeploymentPostprocessing = 1;
		};
/* End PBXCopyFilesBuildPhase section */

/* Begin PBXFileReference section */
		6055B6361EBCCE2E007CC5E8 /* TestingTicTacToe */ = {isa = PBXFileReference; explicitFileType = "compiled.mach-o.executable"; includeInIndex = 0; path = TestingTicTacToe; sourceTree = BUILT_PRODUCTS_DIR; };
		6055B6391EBCCE2E007CC5E8 /* main.swift */ = {isa = PBXFileReference; lastKnownFileType = sourcecode.swift; path = main.swift; sourceTree = "<group>"; };
		6055B6401EBCCE64007CC5E8 /* GameType.swift */ = {isa = PBXFileReference; fileEncoding = 4; lastKnownFileType = sourcecode.swift; path = GameType.swift; sourceTree = "<group>"; };
		6055B6421EBCCE83007CC5E8 /* PlayerType.swift */ = {isa = PBXFileReference; fileEncoding = 4; lastKnownFileType = sourcecode.swift; path = PlayerType.swift; sourceTree = "<group>"; };
		6055B6441EBCCE97007CC5E8 /* UserInputUtilities.swift */ = {isa = PBXFileReference; fileEncoding = 4; lastKnownFileType = sourcecode.swift; path = UserInputUtilities.swift; sourceTree = "<group>"; };
		6055B6461EBCCEFB007CC5E8 /* SymbolandSpaceTypes.swift */ = {isa = PBXFileReference; fileEncoding = 4; lastKnownFileType = sourcecode.swift; path = SymbolandSpaceTypes.swift; sourceTree = "<group>"; };
/* End PBXFileReference section */

/* Begin PBXFrameworksBuildPhase section */
		6055B6331EBCCE2E007CC5E8 /* Frameworks */ = {
			isa = PBXFrameworksBuildPhase;
			buildActionMask = 2147483647;
			files = (
			);
			runOnlyForDeploymentPostprocessing = 0;
		};
/* End PBXFrameworksBuildPhase section */

/* Begin PBXGroup section */
		6055B62D1EBCCE2E007CC5E8 = {
			isa = PBXGroup;
			children = (
				6055B6381EBCCE2E007CC5E8 /* TestingTicTacToe */,
				6055B6371EBCCE2E007CC5E8 /* Products */,
			);
			sourceTree = "<group>";
		};
		6055B6371EBCCE2E007CC5E8 /* Products */ = {
			isa = PBXGroup;
			children = (
				6055B6361EBCCE2E007CC5E8 /* TestingTicTacToe */,
			);
			name = Products;
			sourceTree = "<group>";
		};
		6055B6381EBCCE2E007CC5E8 /* TestingTicTacToe */ = {
			isa = PBXGroup;
			children = (
				6055B6391EBCCE2E007CC5E8 /* main.swift */,
				6055B6401EBCCE64007CC5E8 /* GameType.swift */,
				6055B6421EBCCE83007CC5E8 /* PlayerType.swift */,
				6055B6441EBCCE97007CC5E8 /* UserInputUtilities.swift */,
				6055B6461EBCCEFB007CC5E8 /* SymbolandSpaceTypes.swift */,
			);
			path = TestingTicTacToe;
			sourceTree = "<group>";
		};
/* End PBXGroup section */

/* Begin PBXNativeTarget section */
		6055B6351EBCCE2E007CC5E8 /* TestingTicTacToe */ = {
			isa = PBXNativeTarget;
			buildConfigurationList = 6055B63D1EBCCE2E007CC5E8 /* Build configuration list for PBXNativeTarget "TestingTicTacToe" */;
			buildPhases = (
				6055B6321EBCCE2E007CC5E8 /* Sources */,
				6055B6331EBCCE2E007CC5E8 /* Frameworks */,
				6055B6341EBCCE2E007CC5E8 /* CopyFiles */,
			);
			buildRules = (
			);
			dependencies = (
			);
			name = TestingTicTacToe;
			productName = TestingTicTacToe;
			productReference = 6055B6361EBCCE2E007CC5E8 /* TestingTicTacToe */;
			productType = "com.apple.product-type.tool";
		};
/* End PBXNativeTarget section */

/* Begin PBXProject section */
		6055B62E1EBCCE2E007CC5E8 /* Project object */ = {
			isa = PBXProject;
			attributes = {
				LastSwiftUpdateCheck = 0830;
				LastUpgradeCheck = 0830;
				ORGANIZATIONNAME = "Brent Fordham";
				TargetAttributes = {
					6055B6351EBCCE2E007CC5E8 = {
						CreatedOnToolsVersion = 8.3.2;
						ProvisioningStyle = Automatic;
					};
				};
			};
			buildConfigurationList = 6055B6311EBCCE2E007CC5E8 /* Build configuration list for PBXProject "TestingTicTacToe" */;
			compatibilityVersion = "Xcode 3.2";
			developmentRegion = English;
			hasScannedForEncodings = 0;
			knownRegions = (
				en,
			);
			mainGroup = 6055B62D1EBCCE2E007CC5E8;
			productRefGroup = 6055B6371EBCCE2E007CC5E8 /* Products */;
			projectDirPath = "";
			projectRoot = "";
			targets = (
				6055B6351EBCCE2E007CC5E8 /* TestingTicTacToe */,
			);
		};
/* End PBXProject section */

/* Begin PBXSourcesBuildPhase section */
		6055B6321EBCCE2E007CC5E8 /* Sources */ = {
			isa = PBXSourcesBuildPhase;
			buildActionMask = 2147483647;
			files = (
				6055B63A1EBCCE2E007CC5E8 /* main.swift in Sources */,
				6055B6431EBCCE83007CC5E8 /* PlayerType.swift in Sources */,
				6055B6451EBCCE97007CC5E8 /* UserInputUtilities.swift in Sources */,
				6055B6411EBCCE64007CC5E8 /* GameType.swift in Sources */,
				6055B6471EBCCEFB007CC5E8 /* SymbolandSpaceTypes.swift in Sources */,
			);
			runOnlyForDeploymentPostprocessing = 0;
		};
/* End PBXSourcesBuildPhase section */

/* Begin XCBuildConfiguration section */
		6055B63B1EBCCE2E007CC5E8 /* Debug */ = {
			isa = XCBuildConfiguration;
			buildSettings = {
				ALWAYS_SEARCH_USER_PATHS = NO;
				CLANG_ANALYZER_NONNULL = YES;
				CLANG_ANALYZER_NUMBER_OBJECT_CONVERSION = YES_AGGRESSIVE;
				CLANG_CXX_LANGUAGE_STANDARD = "gnu++0x";
				CLANG_CXX_LIBRARY = "libc++";
				CLANG_ENABLE_MODULES = YES;
				CLANG_ENABLE_OBJC_ARC = YES;
				CLANG_WARN_BOOL_CONVERSION = YES;
				CLANG_WARN_CONSTANT_CONVERSION = YES;
				CLANG_WARN_DIRECT_OBJC_ISA_USAGE = YES_ERROR;
				CLANG_WARN_DOCUMENTATION_COMMENTS = YES;
				CLANG_WARN_EMPTY_BODY = YES;
				CLANG_WARN_ENUM_CONVERSION = YES;
				CLANG_WARN_INFINITE_RECURSION = YES;
				CLANG_WARN_INT_CONVERSION = YES;
				CLANG_WARN_OBJC_ROOT_CLASS = YES_ERROR;
				CLANG_WARN_SUSPICIOUS_MOVE = YES;
				CLANG_WARN_UNREACHABLE_CODE = YES;
				CLANG_WARN__DUPLICATE_METHOD_MATCH = YES;
				CODE_SIGN_IDENTITY = "-";
				COPY_PHASE_STRIP = NO;
				DEBUG_INFORMATION_FORMAT = dwarf;
				ENABLE_STRICT_OBJC_MSGSEND = YES;
				ENABLE_TESTABILITY = YES;
				GCC_C_LANGUAGE_STANDARD = gnu99;
				GCC_DYNAMIC_NO_PIC = NO;
				GCC_NO_COMMON_BLOCKS = YES;
				GCC_OPTIMIZATION_LEVEL = 0;
				GCC_PREPROCESSOR_DEFINITIONS = (
					"DEBUG=1",
					"$(inherited)",
				);
				GCC_WARN_64_TO_32_BIT_CONVERSION = YES;
				GCC_WARN_ABOUT_RETURN_TYPE = YES_ERROR;
				GCC_WARN_UNDECLARED_SELECTOR = YES;
				GCC_WARN_UNINITIALIZED_AUTOS = YES_AGGRESSIVE;
				GCC_WARN_UNUSED_FUNCTION = YES;
				GCC_WARN_UNUSED_VARIABLE = YES;
				MACOSX_DEPLOYMENT_TARGET = 10.12;
				MTL_ENABLE_DEBUG_INFO = YES;
				ONLY_ACTIVE_ARCH = YES;
				SDKROOT = macosx;
				SWIFT_OPTIMIZATION_LEVEL = "-Onone";
			};
			name = Debug;
		};
		6055B63C1EBCCE2E007CC5E8 /* Release */ = {
			isa = XCBuildConfiguration;
			buildSettings = {
				ALWAYS_SEARCH_USER_PATHS = NO;
				CLANG_ANALYZER_NONNULL = YES;
				CLANG_ANALYZER_NUMBER_OBJECT_CONVERSION = YES_AGGRESSIVE;
				CLANG_CXX_LANGUAGE_STANDARD = "gnu++0x";
				CLANG_CXX_LIBRARY = "libc++";
				CLANG_ENABLE_MODULES = YES;
				CLANG_ENABLE_OBJC_ARC = YES;
				CLANG_WARN_BOOL_CONVERSION = YES;
				CLANG_WARN_CONSTANT_CONVERSION = YES;
				CLANG_WARN_DIRECT_OBJC_ISA_USAGE = YES_ERROR;
				CLANG_WARN_DOCUMENTATION_COMMENTS = YES;
				CLANG_WARN_EMPTY_BODY = YES;
				CLANG_WARN_ENUM_CONVERSION = YES;
				CLANG_WARN_INFINITE_RECURSION = YES;
				CLANG_WARN_INT_CONVERSION = YES;
				CLANG_WARN_OBJC_ROOT_CLASS = YES_ERROR;
				CLANG_WARN_SUSPICIOUS_MOVE = YES;
				CLANG_WARN_UNREACHABLE_CODE = YES;
				CLANG_WARN__DUPLICATE_METHOD_MATCH = YES;
				CODE_SIGN_IDENTITY = "-";
				COPY_PHASE_STRIP = NO;
				DEBUG_INFORMATION_FORMAT = "dwarf-with-dsym";
				ENABLE_NS_ASSERTIONS = NO;
				ENABLE_STRICT_OBJC_MSGSEND = YES;
				GCC_C_LANGUAGE_STANDARD = gnu99;
				GCC_NO_COMMON_BLOCKS = YES;
				GCC_WARN_64_TO_32_BIT_CONVERSION = YES;
				GCC_WARN_ABOUT_RETURN_TYPE = YES_ERROR;
				GCC_WARN_UNDECLARED_SELECTOR = YES;
				GCC_WARN_UNINITIALIZED_AUTOS = YES_AGGRESSIVE;
				GCC_WARN_UNUSED_FUNCTION = YES;
				GCC_WARN_UNUSED_VARIABLE = YES;
				MACOSX_DEPLOYMENT_TARGET = 10.12;
				MTL_ENABLE_DEBUG_INFO = NO;
				SDKROOT = macosx;
			};
			name = Release;
		};
		6055B63E1EBCCE2E007CC5E8 /* Debug */ = {
			isa = XCBuildConfiguration;
			buildSettings = {
				PRODUCT_NAME = "$(TARGET_NAME)";
				SWIFT_VERSION = 3.0;
			};
			name = Debug;
		};
		6055B63F1EBCCE2E007CC5E8 /* Release */ = {
			isa = XCBuildConfiguration;
			buildSettings = {
				PRODUCT_NAME = "$(TARGET_NAME)";
				SWIFT_VERSION = 3.0;
			};
			name = Release;
		};
/* End XCBuildConfiguration section */

/* Begin XCConfigurationList section */
		6055B6311EBCCE2E007CC5E8 /* Build configuration list for PBXProject "TestingTicTacToe" */ = {
			isa = XCConfigurationList;
			buildConfigurations = (
				6055B63B1EBCCE2E007CC5E8 /* Debug */,
				6055B63C1EBCCE2E007CC5E8 /* Release */,
			);
			defaultConfigurationIsVisible = 0;
			defaultConfigurationName = Release;
		};
		6055B63D1EBCCE2E007CC5E8 /* Build configuration list for PBXNativeTarget "TestingTicTacToe" */ = {
			isa = XCConfigurationList;
			buildConfigurations = (
				6055B63E1EBCCE2E007CC5E8 /* Debug */,
				6055B63F1EBCCE2E007CC5E8 /* Release */,
			);
			defaultConfigurationIsVisible = 0;
		};
/* End XCConfigurationList section */
	};
	rootObject = 6055B62E1EBCCE2E007CC5E8 /* Project object */;
}
